
Microsoft Visual Studio Solution File, Format Version 12.00
# Visual Studio Version 17
VisualStudioVersion = 17.10.35027.167
MinimumVisualStudioVersion = 10.0.40219.1
Project("{9A19103F-16F7-4668-BE54-9A1E7A4F7556}") = "TaskProblem", "TaskProblem.csproj", "{B107CAF0-584D-4477-83A8-2A5846CED0CC}"
EndProject
Global
	GlobalSection(SolutionConfigurationPlatforms) = preSolution
		Debug|Any CPU = Debug|Any CPU
		Release|Any CPU = Release|Any CPU
	EndGlobalSection
	GlobalSection(ProjectConfigurationPlatforms) = postSolution
		{B107CAF0-584D-4477-83A8-2A5846CED0CC}.Debug|Any CPU.ActiveCfg = Debug|Any CPU
		{B107CAF0-584D-4477-83A8-2A5846CED0CC}.Debug|Any CPU.Build.0 = Debug|Any CPU
		{B107CAF0-584D-4477-83A8-2A5846CED0CC}.Release|Any CPU.ActiveCfg = Release|Any CPU
		{B107CAF0-584D-4477-83A8-2A5846CED0CC}.Release|Any CPU.Build.0 = Release|Any CPU
	EndGlobalSection
	GlobalSection(SolutionProperties) = preSolution
		HideSolutionNode = FALSE
	EndGlobalSection
	GlobalSection(ExtensibilityGlobals) = postSolution
		SolutionGuid = {27D7E7D5-0CAC-4FF3-B694-E0BD1DE22612}
	EndGlobalSection
EndGlobal
